{
  "lockfileVersion": 1,
  "configVersion": 1,
  "workspaces": {
    "": {
      "name": "metadata-links",
      "devDependencies": {
        "@types/bun": "latest",
        "@types/node": "^20.0.0",
        "esbuild": "0.19.11",
        "obsidian": "latest",
        "tslib": "2.4.0",
        "typescript": "5.3.3",
      },
    },
  },
  "packages": {
    "@codemirror/state": ["@codemirror/state@6.5.0", "", { "dependencies": { "@marijn/find-cluster-break": "^1.0.0" } }, "sha512-MwBHVK60IiIHDcoMet78lxt6iw5gJOGSbNbOIVBHWVXIH4/Nq1+GQgLLGgI1KlnN86WDXsPudVaqYHKBIx7Eyw=="],

    "@codemirror/view": ["@codemirror/view@6.38.6", "", { "dependencies": { "@codemirror/state": "^6.5.0", "crelt": "^1.0.6", "style-mod": "^4.1.0", "w3c-keyname": "^2.2.4" } }, "sha512-qiS0z1bKs5WOvHIAC0Cybmv4AJSkAXgX5aD6Mqd2epSLlVJsQl8NG23jCVouIgkh4All/mrbdsf2UOLFnJw0tw=="],

    "@esbuild/aix-ppc64": ["@esbuild/aix-ppc64@0.19.11", "", { "os": "aix", "cpu": "ppc64" }, "sha512-FnzU0LyE3ySQk7UntJO4+qIiQgI7KoODnZg5xzXIrFJlKd2P2gwHsHY4927xj9y5PJmJSzULiUCWmv7iWnNa7g=="],

    "@esbuild/android-arm": ["@esbuild/android-arm@0.19.11", "", { "os": "android", "cpu": "arm" }, "sha512-5OVapq0ClabvKvQ58Bws8+wkLCV+Rxg7tUVbo9xu034Nm536QTII4YzhaFriQ7rMrorfnFKUsArD2lqKbFY4vw=="],

    "@esbuild/android-arm64": ["@esbuild/android-arm64@0.19.11", "", { "os": "android", "cpu": "arm64" }, "sha512-aiu7K/5JnLj//KOnOfEZ0D90obUkRzDMyqd/wNAUQ34m4YUPVhRZpnqKV9uqDGxT7cToSDnIHsGooyIczu9T+Q=="],

    "@esbuild/android-x64": ["@esbuild/android-x64@0.19.11", "", { "os": "android", "cpu": "x64" }, "sha512-eccxjlfGw43WYoY9QgB82SgGgDbibcqyDTlk3l3C0jOVHKxrjdc9CTwDUQd0vkvYg5um0OH+GpxYvp39r+IPOg=="],

    "@esbuild/darwin-arm64": ["@esbuild/darwin-arm64@0.19.11", "", { "os": "darwin", "cpu": "arm64" }, "sha512-ETp87DRWuSt9KdDVkqSoKoLFHYTrkyz2+65fj9nfXsaV3bMhTCjtQfw3y+um88vGRKRiF7erPrh/ZuIdLUIVxQ=="],

    "@esbuild/darwin-x64": ["@esbuild/darwin-x64@0.19.11", "", { "os": "darwin", "cpu": "x64" }, "sha512-fkFUiS6IUK9WYUO/+22omwetaSNl5/A8giXvQlcinLIjVkxwTLSktbF5f/kJMftM2MJp9+fXqZ5ezS7+SALp4g=="],

    "@esbuild/freebsd-arm64": ["@esbuild/freebsd-arm64@0.19.11", "", { "os": "freebsd", "cpu": "arm64" }, "sha512-lhoSp5K6bxKRNdXUtHoNc5HhbXVCS8V0iZmDvyWvYq9S5WSfTIHU2UGjcGt7UeS6iEYp9eeymIl5mJBn0yiuxA=="],

    "@esbuild/freebsd-x64": ["@esbuild/freebsd-x64@0.19.11", "", { "os": "freebsd", "cpu": "x64" }, "sha512-JkUqn44AffGXitVI6/AbQdoYAq0TEullFdqcMY/PCUZ36xJ9ZJRtQabzMA+Vi7r78+25ZIBosLTOKnUXBSi1Kw=="],

    "@esbuild/linux-arm": ["@esbuild/linux-arm@0.19.11", "", { "os": "linux", "cpu": "arm" }, "sha512-3CRkr9+vCV2XJbjwgzjPtO8T0SZUmRZla+UL1jw+XqHZPkPgZiyWvbDvl9rqAN8Zl7qJF0O/9ycMtjU67HN9/Q=="],

    "@esbuild/linux-arm64": ["@esbuild/linux-arm64@0.19.11", "", { "os": "linux", "cpu": "arm64" }, "sha512-LneLg3ypEeveBSMuoa0kwMpCGmpu8XQUh+mL8XXwoYZ6Be2qBnVtcDI5azSvh7vioMDhoJFZzp9GWp9IWpYoUg=="],

    "@esbuild/linux-ia32": ["@esbuild/linux-ia32@0.19.11", "", { "os": "linux", "cpu": "ia32" }, "sha512-caHy++CsD8Bgq2V5CodbJjFPEiDPq8JJmBdeyZ8GWVQMjRD0sU548nNdwPNvKjVpamYYVL40AORekgfIubwHoA=="],

    "@esbuild/linux-loong64": ["@esbuild/linux-loong64@0.19.11", "", { "os": "linux", "cpu": "none" }, "sha512-ppZSSLVpPrwHccvC6nQVZaSHlFsvCQyjnvirnVjbKSHuE5N24Yl8F3UwYUUR1UEPaFObGD2tSvVKbvR+uT1Nrg=="],

    "@esbuild/linux-mips64el": ["@esbuild/linux-mips64el@0.19.11", "", { "os": "linux", "cpu": "none" }, "sha512-B5x9j0OgjG+v1dF2DkH34lr+7Gmv0kzX6/V0afF41FkPMMqaQ77pH7CrhWeR22aEeHKaeZVtZ6yFwlxOKPVFyg=="],

    "@esbuild/linux-ppc64": ["@esbuild/linux-ppc64@0.19.11", "", { "os": "linux", "cpu": "ppc64" }, "sha512-MHrZYLeCG8vXblMetWyttkdVRjQlQUb/oMgBNurVEnhj4YWOr4G5lmBfZjHYQHHN0g6yDmCAQRR8MUHldvvRDA=="],

    "@esbuild/linux-riscv64": ["@esbuild/linux-riscv64@0.19.11", "", { "os": "linux", "cpu": "none" }, "sha512-f3DY++t94uVg141dozDu4CCUkYW+09rWtaWfnb3bqe4w5NqmZd6nPVBm+qbz7WaHZCoqXqHz5p6CM6qv3qnSSQ=="],

    "@esbuild/linux-s390x": ["@esbuild/linux-s390x@0.19.11", "", { "os": "linux", "cpu": "s390x" }, "sha512-A5xdUoyWJHMMlcSMcPGVLzYzpcY8QP1RtYzX5/bS4dvjBGVxdhuiYyFwp7z74ocV7WDc0n1harxmpq2ePOjI0Q=="],

    "@esbuild/linux-x64": ["@esbuild/linux-x64@0.19.11", "", { "os": "linux", "cpu": "x64" }, "sha512-grbyMlVCvJSfxFQUndw5mCtWs5LO1gUlwP4CDi4iJBbVpZcqLVT29FxgGuBJGSzyOxotFG4LoO5X+M1350zmPA=="],

    "@esbuild/netbsd-x64": ["@esbuild/netbsd-x64@0.19.11", "", { "os": "none", "cpu": "x64" }, "sha512-13jvrQZJc3P230OhU8xgwUnDeuC/9egsjTkXN49b3GcS5BKvJqZn86aGM8W9pd14Kd+u7HuFBMVtrNGhh6fHEQ=="],

    "@esbuild/openbsd-x64": ["@esbuild/openbsd-x64@0.19.11", "", { "os": "openbsd", "cpu": "x64" }, "sha512-ysyOGZuTp6SNKPE11INDUeFVVQFrhcNDVUgSQVDzqsqX38DjhPEPATpid04LCoUr2WXhQTEZ8ct/EgJCUDpyNw=="],

    "@esbuild/sunos-x64": ["@esbuild/sunos-x64@0.19.11", "", { "os": "sunos", "cpu": "x64" }, "sha512-Hf+Sad9nVwvtxy4DXCZQqLpgmRTQqyFyhT3bZ4F2XlJCjxGmRFF0Shwn9rzhOYRB61w9VMXUkxlBy56dk9JJiQ=="],

    "@esbuild/win32-arm64": ["@esbuild/win32-arm64@0.19.11", "", { "os": "win32", "cpu": "arm64" }, "sha512-0P58Sbi0LctOMOQbpEOvOL44Ne0sqbS0XWHMvvrg6NE5jQ1xguCSSw9jQeUk2lfrXYsKDdOe6K+oZiwKPilYPQ=="],

    "@esbuild/win32-ia32": ["@esbuild/win32-ia32@0.19.11", "", { "os": "win32", "cpu": "ia32" }, "sha512-6YOrWS+sDJDmshdBIQU+Uoyh7pQKrdykdefC1avn76ss5c+RN6gut3LZA4E2cH5xUEp5/cA0+YxRaVtRAb0xBg=="],

    "@esbuild/win32-x64": ["@esbuild/win32-x64@0.19.11", "", { "os": "win32", "cpu": "x64" }, "sha512-vfkhltrjCAb603XaFhqhAF4LGDi2M4OrCRrFusyQ+iTLQ/o60QQXxc9cZC/FFpihBI9N1Grn6SMKVJ4KP7Fuiw=="],

    "@marijn/find-cluster-break": ["@marijn/find-cluster-break@1.0.3", "", {}, "sha512-FY+MKLBoTsLNJF/eLWaOsXGdz6uh3Iu1axjPf6TUq92IYumcTcXWHoS747JARLkcdlJ/Waiaxc5wQfFO8jC6NA=="],

    "@types/bun": ["@types/bun@1.3.14", "", { "dependencies": { "bun-types": "1.3.14" } }, "sha512-h1hFqFVcvAvD9j9K7ZW7vd82aSA+rTdznZa+5bwvCwqSB1jmmfLcbIWhOLx1/+boy/xmjgCs/OMUL8hRJSmnPw=="],

    "@types/codemirror": ["@types/codemirror@5.60.8", "", { "dependencies": { "@types/tern": "*" } }, "sha512-VjFgDF/eB+Aklcy15TtOTLQeMjTo07k7KAjql8OK5Dirr7a6sJY4T1uVBDuTVG9VEmn1uUsohOpYnVfgC6/jyw=="],

    "@types/estree": ["@types/estree@1.0.9", "", {}, "sha512-GhdPgy1el4/ImP05X05Uw4cw2/M93BCUmnEvWZNStlCzEKME4Fkk+YpoA5OiHNQmoS7Cafb8Xa3Pya8m1Qrzeg=="],

    "@types/node": ["@types/node@20.19.43", "", { "dependencies": { "undici-types": "~6.21.0" } }, "sha512-6oYBAi5ikg4Pl+kGsoYtawUMBT2zZMCvPNF7pVLnHZfd1zf38DRiWn/gT01RYCdUqkv7Fhr+C9ot4/tb+2sVvA=="],

    "@types/tern": ["@types/tern@0.23.9", "", { "dependencies": { "@types/estree": "*" } }, "sha512-ypzHFE/wBzh+BlH6rrBgS5I/Z7RD21pGhZ2rltb/+ZrVM1awdZwjx7hE5XfuYgHWk9uvV5HLZN3SloevCAp3Bw=="],

    "bun-types": ["bun-types@1.3.14", "", { "dependencies": { "@types/node": "*" } }, "sha512-4N0ig0fEomHt5R0KCFWjovxow98rIoRwKolrYdCcknNwMekCXRnWEUvgu5soYV8QXtVsrUD8B95MBOZGPvr6KQ=="],

    "crelt": ["crelt@1.0.7", "", {}, "sha512-aK6BbWfhf4U/wCcLHKPJl/xa6VkVstRaPywWtMKGwuOLc/wZTyQYuoxgvZnNsBvv7Kg3YTBQYYBCggcviQczuA=="],

    "esbuild": ["esbuild@0.19.11", "", { "optionalDependencies": { "@esbuild/aix-ppc64": "0.19.11", "@esbuild/android-arm": "0.19.11", "@esbuild/android-arm64": "0.19.11", "@esbuild/android-x64": "0.19.11", "@esbuild/darwin-arm64": "0.19.11", "@esbuild/darwin-x64": "0.19.11", "@esbuild/freebsd-arm64": "0.19.11", "@esbuild/freebsd-x64": "0.19.11", "@esbuild/linux-arm": "0.19.11", "@esbuild/linux-arm64": "0.19.11", "@esbuild/linux-ia32": "0.19.11", "@esbuild/linux-loong64": "0.19.11", "@esbuild/linux-mips64el": "0.19.11", "@esbuild/linux-ppc64": "0.19.11", "@esbuild/linux-riscv64": "0.19.11", "@esbuild/linux-s390x": "0.19.11", "@esbuild/linux-x64": "0.19.11", "@esbuild/netbsd-x64": "0.19.11", "@esbuild/openbsd-x64": "0.19.11", "@esbuild/sunos-x64": "0.19.11", "@esbuild/win32-arm64": "0.19.11", "@esbuild/win32-ia32": "0.19.11", "@esbuild/win32-x64": "0.19.11" }, "bin": { "esbuild": "bin/esbuild" } }, "sha512-HJ96Hev2hX/6i5cDVwcqiJBBtuo9+FeIJOtZ9W1kA5M6AMJRHUZlpYZ1/SbEwtO0ioNAW8rUooVpC/WehY2SfA=="],

    "moment": ["moment@2.29.4", "", {}, "sha512-5LC9SOxjSc2HF6vO2CyuTDNivEdoz2IvyJJGj6X8DJ0eFyfszE0QiEd+iXmBvUP3WHxSjFH/vIsA0EN00cgr8w=="],

    "obsidian": ["obsidian@1.13.1", "", { "dependencies": { "@types/codemirror": "5.60.8", "moment": "2.29.4" }, "peerDependencies": { "@codemirror/state": "6.5.0", "@codemirror/view": "6.38.6" } }, "sha512-qtTEA2pmhJzhuhJqzbBFRYhpIOqvW+krDYjtFynv66KbxBbumHBlsJfWw3I4jtnK/6fZwbQhCrmmDdRwXmX56w=="],

    "style-mod": ["style-mod@4.1.3", "", {}, "sha512-i/n8VsZydrugj3Iuzll8+x/00GH2vnYsk1eomD8QiRrSAeW6ItbCQDtfXCeJHd0iwiNagqjQkvpvREEPtW3IoQ=="],

    "tslib": ["tslib@2.4.0", "", {}, "sha512-d6xOpEDfsi2CZVlPQzGeux8XMwLT9hssAsaPYExaQMuYskwb+x1x7J371tWlbBdWHroy99KnVB6qIkUbs5X3UQ=="],

    "typescript": ["typescript@5.3.3", "", { "bin": { "tsc": "bin/tsc", "tsserver": "bin/tsserver" } }, "sha512-pXWcraxM0uxAS+tN0AG/BF2TyqmHO014Z070UsJ+pFvYuRSq8KH8DmWpnbXe0pEPDHXZV3FcAbJkijJ5oNEnWw=="],

    "undici-types": ["undici-types@6.21.0", "", {}, "sha512-iwDZqg0QAGrg9Rav5H4n0M64c3mkR59cJ6wQp+7C4nI0gsmExaedaYLNO44eT4AtBBwjbTiGPMlt2Md0T9H9JQ=="],

    "w3c-keyname": ["w3c-keyname@2.2.8", "", {}, "sha512-dpojBhNsCNN7T82Tm7k26A6G9ML3NkhDsnw9n/eoxSRlVBB4CEtIQ/KTCLI2Fwf3ataSXRhYFkQi3SlnFwPvPQ=="],
  }
}
